
Microsoft Visual Studio Solution File, Format Version 12.00
# Visual Studio 14
VisualStudioVersion = 14.0.25420.1
MinimumVisualStudioVersion = 10.0.40219.1
Project("{FAE04EC0-301F-11D3-BF4B-00C04F79EFBC}") = "LectionOneMultidimentionalArrays", "LectionOneMultidimentionalArrays\LectionOneMultidimentionalArrays.csproj", "{85E8C6B6-D766-4BC3-AE5C-875760903175}"
EndProject
Project("{FAE04EC0-301F-11D3-BF4B-00C04F79EFBC}") = "FillMatrix", "TestProject\FillMatrix.csproj", "{71CB5A91-F95B-4825-9807-A6F14481BE51}"
EndProject
Project("{FAE04EC0-301F-11D3-BF4B-00C04F79EFBC}") = "MaximalSumPlatform", "MaximalSumPlatform\MaximalSumPlatform.csproj", "{E4D884FE-5DCA-4BC0-B8C4-91025559BCEF}"
EndProject
Project("{FAE04EC0-301F-11D3-BF4B-00C04F79EFBC}") = "SequenceInMatrix", "SequenceInMatrix\SequenceInMatrix.csproj", "{FA5FE620-FF3B-4AA3-B146-9F4AF0FE3F9F}"
EndProject
Project("{FAE04EC0-301F-11D3-BF4B-00C04F79EFBC}") = "Methods", "Methods\Methods.csproj", "{DDBF7ACC-A99B-46B1-8F05-63D1C71BED07}"
EndProject
Project("{FAE04EC0-301F-11D3-BF4B-00C04F79EFBC}") = "MethodMatrices", "MethodMatrices\MethodMatrices.csproj", "{854795D9-2EF0-43C2-8724-7A9B59528A4E}"
EndProject
Project("{FAE04EC0-301F-11D3-BF4B-00C04F79EFBC}") = "MethodStringJoin", "MethodStringJoin\MethodStringJoin.csproj", "{436FF557-AC6F-4A5A-B39A-BF9EF4E8EE6D}"
EndProject
Project("{FAE04EC0-301F-11D3-BF4B-00C04F79EFBC}") = "VariableNumberOfArguments", "VariableNumberOfArguments\VariableNumberOfArguments.csproj", "{650854BA-1D5C-47F4-A527-45932EEBF9D4}"
EndProject
Project("{FAE04EC0-301F-11D3-BF4B-00C04F79EFBC}") = "NumeralSystems", "NumeralSystems\NumeralSystems.csproj", "{B47C9A20-77A4-4826-AE01-A47EAF765E67}"
EndProject
Project("{FAE04EC0-301F-11D3-BF4B-00C04F79EFBC}") = "MethodSayHello", "MethodSayHello\MethodSayHello.csproj", "{1B723874-6368-48F4-B638-3C6B90D179E8}"
EndProject
Project("{FAE04EC0-301F-11D3-BF4B-00C04F79EFBC}") = "MethodGetMax", "MethodGetMax\MethodGetMax.csproj", "{4BE539B2-D7FA-4169-ACC4-F04AA9CA0AFC}"
EndProject
Project("{FAE04EC0-301F-11D3-BF4B-00C04F79EFBC}") = "MethodEnglishDigit", "MethodEnglishDigit\MethodEnglishDigit.csproj", "{FF02EA3E-4144-4FF8-A896-0D05E99FDC34}"
EndProject
Project("{FAE04EC0-301F-11D3-BF4B-00C04F79EFBC}") = "MethodApearanceCount", "MethodApearanceCount\MethodApearanceCount.csproj", "{42187D90-9643-4A64-8AFA-F5A8DEC4DE9D}"
EndProject
Project("{FAE04EC0-301F-11D3-BF4B-00C04F79EFBC}") = "MethodLargerNeighbours", "MethodLargerNeighbours\MethodLargerNeighbours.csproj", "{930D9BE6-7942-465E-AF36-CC337B5642BF}"
EndProject
Project("{FAE04EC0-301F-11D3-BF4B-00C04F79EFBC}") = "MethodReadIntArray", "MethodReadIntArray\MethodReadIntArray.csproj", "{20BF4EAC-9A99-49F3-804E-8858C046BA59}"
EndProject
Project("{FAE04EC0-301F-11D3-BF4B-00C04F79EFBC}") = "MethodFirstLargerElement", "MethodFirstLargerElement\MethodFirstLargerElement.csproj", "{9456292D-1CDC-4362-9FC3-627F9F59A19F}"
EndProject
Project("{FAE04EC0-301F-11D3-BF4B-00C04F79EFBC}") = "MethodReverseDecNumber", "MethodReverseString\MethodReverseDecNumber.csproj", "{3E2F092E-8811-400F-A6B5-46F583E0B154}"
EndProject
Project("{FAE04EC0-301F-11D3-BF4B-00C04F79EFBC}") = "MethodSortingArray", "MethodSortingArray\MethodSortingArray.csproj", "{F7B769F4-6CC8-4D33-8058-A8969A1D3028}"
EndProject
Project("{FAE04EC0-301F-11D3-BF4B-00C04F79EFBC}") = "MethodReturnMaxElement", "MethodReturnMaxElement\MethodReturnMaxElement.csproj", "{78E18D62-496D-4A7E-B444-360F516AD5FE}"
EndProject
Project("{FAE04EC0-301F-11D3-BF4B-00C04F79EFBC}") = "MethodFactoriel", "MethodFactoriel\MethodFactoriel.csproj", "{FA26675F-1AB8-422B-9FE2-2621F06A9A57}"
EndProject
Project("{FAE04EC0-301F-11D3-BF4B-00C04F79EFBC}") = "MethodMinMaxAvgSumProduct", "MethodMinMaxAvgSumProduct\MethodMinMaxAvgSumProduct.csproj", "{D7A10DF7-765E-41D9-8C36-B2D5730180AF}"
EndProject
Project("{FAE04EC0-301F-11D3-BF4B-00C04F79EFBC}") = "NumeralSystemsDecToBinary", "NumeralSystemsDecToBinary\NumeralSystemsDecToBinary.csproj", "{42273807-CC48-41A8-8038-8DA5098AB4EB}"
EndProject
Project("{FAE04EC0-301F-11D3-BF4B-00C04F79EFBC}") = "NumeralSystemsBinaryToDec", "NumeralSystemsBinaryToDec\NumeralSystemsBinaryToDec.csproj", "{EBC637BF-2DE7-4E05-A92F-9D8160258763}"
EndProject
Project("{FAE04EC0-301F-11D3-BF4B-00C04F79EFBC}") = "NumeralSystemsDecToHEX", "NumeralSystemsDecToHEX\NumeralSystemsDecToHEX.csproj", "{790CEF73-2250-4266-A943-DD862B7859A0}"
EndProject
Project("{FAE04EC0-301F-11D3-BF4B-00C04F79EFBC}") = "Objects", "Objects\Objects.csproj", "{AC28393D-9794-449E-88FE-E031690DD535}"
EndProject
Project("{FAE04EC0-301F-11D3-BF4B-00C04F79EFBC}") = "NumeralSystemsHexToBinary", "NumeralSystemsHexToBinary\NumeralSystemsHexToBinary.csproj", "{4C8AF662-6EC1-4239-883A-501C0022F925}"
EndProject
Project("{FAE04EC0-301F-11D3-BF4B-00C04F79EFBC}") = "NumeralSystemBinaryToHex", "NumeralSystemBinaryToHex\NumeralSystemBinaryToHex.csproj", "{1BC6F15D-2372-4919-9069-C907934391D4}"
EndProject
Project("{FAE04EC0-301F-11D3-BF4B-00C04F79EFBC}") = "NumeralSystemsAnyToAny", "NumeralSystemsAnyToAny\NumeralSystemsAnyToAny.csproj", "{34A5CF9A-37BD-4B48-A5AA-4F6E77B624A1}"
EndProject
Project("{FAE04EC0-301F-11D3-BF4B-00C04F79EFBC}") = "NumeralSystemsShortToBinary", "NumeralSystemsShortToBinary\NumeralSystemsShortToBinary.csproj", "{7261B046-6771-437C-ADDC-104E83BEC53D}"
EndProject
Project("{FAE04EC0-301F-11D3-BF4B-00C04F79EFBC}") = "testov", "testov\testov.csproj", "{72F10F0A-9DFC-473C-999B-DEAC45DC9294}"
EndProject
Project("{FAE04EC0-301F-11D3-BF4B-00C04F79EFBC}") = "NumeralSystemHexToDec", "NumeralSystemHexToDec\NumeralSystemHexToDec.csproj", "{48D23FF2-908C-438F-BDE4-F5883D4EE40E}"
EndProject
Project("{FAE04EC0-301F-11D3-BF4B-00C04F79EFBC}") = "ClassesObjectsLeapYear", "ClassesObjectsLeapYear\ClassesObjectsLeapYear.csproj", "{D399BC6C-1D01-4EFA-8D2D-44504D47585C}"
EndProject
Project("{FAE04EC0-301F-11D3-BF4B-00C04F79EFBC}") = "ClassesObjectsRandomNumbers", "ClassesObjectsRandomNumbers\ClassesObjectsRandomNumbers.csproj", "{15D00958-2219-4756-8791-A6B79BC749CD}"
EndProject
Project("{FAE04EC0-301F-11D3-BF4B-00C04F79EFBC}") = "ClassesObjectsDayWeek", "ClassesObjectsDayWeek\ClassesObjectsDayWeek.csproj", "{7EBFC46E-3888-469F-AE3B-88F604A2E8FA}"
EndProject
Project("{FAE04EC0-301F-11D3-BF4B-00C04F79EFBC}") = "ClassesObjectsTriangleSurface", "ClassesObjectsTriangleSurface\ClassesObjectsTriangleSurface.csproj", "{E63720C8-5FDF-47CC-A8E0-8148134342DD}"
EndProject
Project("{FAE04EC0-301F-11D3-BF4B-00C04F79EFBC}") = "WorkshopMessage", "WorkshopMessage\WorkshopMessage.csproj", "{5861CABB-97A8-40CD-8053-76ACC300FD67}"
EndProject
Project("{FAE04EC0-301F-11D3-BF4B-00C04F79EFBC}") = "WorkshopBitShiftMatrix", "WorkshopBitShiftMatrix\WorkshopBitShiftMatrix.csproj", "{6937D0D0-6457-4B8D-AC83-6D9F3FE968FD}"
EndProject
Project("{FAE04EC0-301F-11D3-BF4B-00C04F79EFBC}") = "ClassesObjectsTriangleThreeSides", "ClassesObjectsTriangleThreeSides\ClassesObjectsTriangleThreeSides.csproj", "{E7468645-5E7D-4041-9BBA-8DB0992E3F97}"
EndProject
Project("{FAE04EC0-301F-11D3-BF4B-00C04F79EFBC}") = "ClassesObjectsTriangleTwoSidesAngle", "ClassesObjectsTriangleTwoSidesAngle\ClassesObjectsTriangleTwoSidesAngle.csproj", "{FD62DE40-B4FA-4A91-8B2E-020708663B81}"
EndProject
Project("{FAE04EC0-301F-11D3-BF4B-00C04F79EFBC}") = "ClassesObjectsIntegerSum", "ClassesObjectsIntegerSum\ClassesObjectsIntegerSum.csproj", "{5FD1950A-245E-410E-A662-56A716C76C1A}"
EndProject
Project("{FAE04EC0-301F-11D3-BF4B-00C04F79EFBC}") = "MethodNumberAsArray", "MethodNumberAsArray\MethodNumberAsArray.csproj", "{13E81B88-E09B-49AE-A217-9B6F05EADB8A}"
EndProject
Project("{FAE04EC0-301F-11D3-BF4B-00C04F79EFBC}") = "StringsLection", "StringsLection\StringsLection.csproj", "{7967C5A8-27C9-4C06-9076-5A7F81EED068}"
EndProject
Project("{FAE04EC0-301F-11D3-BF4B-00C04F79EFBC}") = "StringReverseString", "StringReverseString\StringReverseString.csproj", "{353F2648-9FF2-4546-BA08-0265C2C51FFD}"
EndProject
Project("{FAE04EC0-301F-11D3-BF4B-00C04F79EFBC}") = "StringCorrectCrackets", "StringCorrectCrackets\StringCorrectCrackets.csproj", "{16013B47-AA8D-48A9-A68D-7A2B0CA5737B}"
EndProject
Project("{FAE04EC0-301F-11D3-BF4B-00C04F79EFBC}") = "StringSubStringText", "StringSubStringText\StringSubStringText.csproj", "{69D24243-1E15-4579-93F1-E19868E75BC0}"
EndProject
Project("{FAE04EC0-301F-11D3-BF4B-00C04F79EFBC}") = "StringsParseTags", "StringsParseTags\StringsParseTags.csproj", "{ADAAAB63-5822-44BD-A5C6-8325DB8B0AB4}"
EndProject
Project("{FAE04EC0-301F-11D3-BF4B-00C04F79EFBC}") = "StringsStringLenght", "StringsStringLenght\StringsStringLenght.csproj", "{292738DA-7027-40DB-B7E5-729A0CF1073D}"
EndProject
Project("{FAE04EC0-301F-11D3-BF4B-00C04F79EFBC}") = "StringsUnicodeCharacters", "StringsUnicodeCharacters\StringsUnicodeCharacters.csproj", "{A9400572-5DB3-4D20-BD43-CC695F6D0D67}"
EndProject
Project("{FAE04EC0-301F-11D3-BF4B-00C04F79EFBC}") = "StringsParseURL", "StringsParseURL\StringsParseURL.csproj", "{80C213F7-C30D-4EB5-8524-10B60878342B}"
EndProject
Project("{FAE04EC0-301F-11D3-BF4B-00C04F79EFBC}") = "StringsSeriesLetters", "StringsSeriesLetters\StringsSeriesLetters.csproj", "{2A700BFB-50E2-44B3-871F-D89C9C7D27EB}"
EndProject
Project("{FAE04EC0-301F-11D3-BF4B-00C04F79EFBC}") = "StringsExtractSentances", "StringsExtractSentances\StringsExtractSentances.csproj", "{B2CA6BB7-E59F-4BE6-A0C6-D3AF408BFB89}"
EndProject
Project("{FAE04EC0-301F-11D3-BF4B-00C04F79EFBC}") = "StringsReplaceTags", "StringsReplaceTags\StringsReplaceTags.csproj", "{2A1464E6-2D87-42D6-9799-25EB16C7FE4D}"
EndProject
Global
	GlobalSection(SolutionConfigurationPlatforms) = preSolution
		Debug|Any CPU = Debug|Any CPU
		Release|Any CPU = Release|Any CPU
	EndGlobalSection
	GlobalSection(ProjectConfigurationPlatforms) = postSolution
		{85E8C6B6-D766-4BC3-AE5C-875760903175}.Debug|Any CPU.ActiveCfg = Debug|Any CPU
		{85E8C6B6-D766-4BC3-AE5C-875760903175}.Debug|Any CPU.Build.0 = Debug|Any CPU
		{85E8C6B6-D766-4BC3-AE5C-875760903175}.Release|Any CPU.ActiveCfg = Release|Any CPU
		{85E8C6B6-D766-4BC3-AE5C-875760903175}.Release|Any CPU.Build.0 = Release|Any CPU
		{71CB5A91-F95B-4825-9807-A6F14481BE51}.Debug|Any CPU.ActiveCfg = Debug|Any CPU
		{71CB5A91-F95B-4825-9807-A6F14481BE51}.Debug|Any CPU.Build.0 = Debug|Any CPU
		{71CB5A91-F95B-4825-9807-A6F14481BE51}.Release|Any CPU.ActiveCfg = Release|Any CPU
		{71CB5A91-F95B-4825-9807-A6F14481BE51}.Release|Any CPU.Build.0 = Release|Any CPU
		{E4D884FE-5DCA-4BC0-B8C4-91025559BCEF}.Debug|Any CPU.ActiveCfg = Debug|Any CPU
		{E4D884FE-5DCA-4BC0-B8C4-91025559BCEF}.Debug|Any CPU.Build.0 = Debug|Any CPU
		{E4D884FE-5DCA-4BC0-B8C4-91025559BCEF}.Release|Any CPU.ActiveCfg = Release|Any CPU
		{E4D884FE-5DCA-4BC0-B8C4-91025559BCEF}.Release|Any CPU.Build.0 = Release|Any CPU
		{FA5FE620-FF3B-4AA3-B146-9F4AF0FE3F9F}.Debug|Any CPU.ActiveCfg = Debug|Any CPU
		{FA5FE620-FF3B-4AA3-B146-9F4AF0FE3F9F}.Debug|Any CPU.Build.0 = Debug|Any CPU
		{FA5FE620-FF3B-4AA3-B146-9F4AF0FE3F9F}.Release|Any CPU.ActiveCfg = Release|Any CPU
		{FA5FE620-FF3B-4AA3-B146-9F4AF0FE3F9F}.Release|Any CPU.Build.0 = Release|Any CPU
		{DDBF7ACC-A99B-46B1-8F05-63D1C71BED07}.Debug|Any CPU.ActiveCfg = Debug|Any CPU
		{DDBF7ACC-A99B-46B1-8F05-63D1C71BED07}.Debug|Any CPU.Build.0 = Debug|Any CPU
		{DDBF7ACC-A99B-46B1-8F05-63D1C71BED07}.Release|Any CPU.ActiveCfg = Release|Any CPU
		{DDBF7ACC-A99B-46B1-8F05-63D1C71BED07}.Release|Any CPU.Build.0 = Release|Any CPU
		{854795D9-2EF0-43C2-8724-7A9B59528A4E}.Debug|Any CPU.ActiveCfg = Debug|Any CPU
		{854795D9-2EF0-43C2-8724-7A9B59528A4E}.Debug|Any CPU.Build.0 = Debug|Any CPU
		{854795D9-2EF0-43C2-8724-7A9B59528A4E}.Release|Any CPU.ActiveCfg = Release|Any CPU
		{854795D9-2EF0-43C2-8724-7A9B59528A4E}.Release|Any CPU.Build.0 = Release|Any CPU
		{436FF557-AC6F-4A5A-B39A-BF9EF4E8EE6D}.Debug|Any CPU.ActiveCfg = Debug|Any CPU
		{436FF557-AC6F-4A5A-B39A-BF9EF4E8EE6D}.Debug|Any CPU.Build.0 = Debug|Any CPU
		{436FF557-AC6F-4A5A-B39A-BF9EF4E8EE6D}.Release|Any CPU.ActiveCfg = Release|Any CPU
		{436FF557-AC6F-4A5A-B39A-BF9EF4E8EE6D}.Release|Any CPU.Build.0 = Release|Any CPU
		{650854BA-1D5C-47F4-A527-45932EEBF9D4}.Debug|Any CPU.ActiveCfg = Debug|Any CPU
		{650854BA-1D5C-47F4-A527-45932EEBF9D4}.Debug|Any CPU.Build.0 = Debug|Any CPU
		{650854BA-1D5C-47F4-A527-45932EEBF9D4}.Release|Any CPU.ActiveCfg = Release|Any CPU
		{650854BA-1D5C-47F4-A527-45932EEBF9D4}.Release|Any CPU.Build.0 = Release|Any CPU
		{B47C9A20-77A4-4826-AE01-A47EAF765E67}.Debug|Any CPU.ActiveCfg = Debug|Any CPU
		{B47C9A20-77A4-4826-AE01-A47EAF765E67}.Debug|Any CPU.Build.0 = Debug|Any CPU
		{B47C9A20-77A4-4826-AE01-A47EAF765E67}.Release|Any CPU.ActiveCfg = Release|Any CPU
		{B47C9A20-77A4-4826-AE01-A47EAF765E67}.Release|Any CPU.Build.0 = Release|Any CPU
		{1B723874-6368-48F4-B638-3C6B90D179E8}.Debug|Any CPU.ActiveCfg = Debug|Any CPU
		{1B723874-6368-48F4-B638-3C6B90D179E8}.Debug|Any CPU.Build.0 = Debug|Any CPU
		{1B723874-6368-48F4-B638-3C6B90D179E8}.Release|Any CPU.ActiveCfg = Release|Any CPU
		{1B723874-6368-48F4-B638-3C6B90D179E8}.Release|Any CPU.Build.0 = Release|Any CPU
		{4BE539B2-D7FA-4169-ACC4-F04AA9CA0AFC}.Debug|Any CPU.ActiveCfg = Debug|Any CPU
		{4BE539B2-D7FA-4169-ACC4-F04AA9CA0AFC}.Debug|Any CPU.Build.0 = Debug|Any CPU
		{4BE539B2-D7FA-4169-ACC4-F04AA9CA0AFC}.Release|Any CPU.ActiveCfg = Release|Any CPU
		{4BE539B2-D7FA-4169-ACC4-F04AA9CA0AFC}.Release|Any CPU.Build.0 = Release|Any CPU
		{FF02EA3E-4144-4FF8-A896-0D05E99FDC34}.Debug|Any CPU.ActiveCfg = Debug|Any CPU
		{FF02EA3E-4144-4FF8-A896-0D05E99FDC34}.Debug|Any CPU.Build.0 = Debug|Any CPU
		{FF02EA3E-4144-4FF8-A896-0D05E99FDC34}.Release|Any CPU.ActiveCfg = Release|Any CPU
		{FF02EA3E-4144-4FF8-A896-0D05E99FDC34}.Release|Any CPU.Build.0 = Release|Any CPU
		{42187D90-9643-4A64-8AFA-F5A8DEC4DE9D}.Debug|Any CPU.ActiveCfg = Debug|Any CPU
		{42187D90-9643-4A64-8AFA-F5A8DEC4DE9D}.Debug|Any CPU.Build.0 = Debug|Any CPU
		{42187D90-9643-4A64-8AFA-F5A8DEC4DE9D}.Release|Any CPU.ActiveCfg = Release|Any CPU
		{42187D90-9643-4A64-8AFA-F5A8DEC4DE9D}.Release|Any CPU.Build.0 = Release|Any CPU
		{930D9BE6-7942-465E-AF36-CC337B5642BF}.Debug|Any CPU.ActiveCfg = Debug|Any CPU
		{930D9BE6-7942-465E-AF36-CC337B5642BF}.Debug|Any CPU.Build.0 = Debug|Any CPU
		{930D9BE6-7942-465E-AF36-CC337B5642BF}.Release|Any CPU.ActiveCfg = Release|Any CPU
		{930D9BE6-7942-465E-AF36-CC337B5642BF}.Release|Any CPU.Build.0 = Release|Any CPU
		{20BF4EAC-9A99-49F3-804E-8858C046BA59}.Debug|Any CPU.ActiveCfg = Debug|Any CPU
		{20BF4EAC-9A99-49F3-804E-8858C046BA59}.Debug|Any CPU.Build.0 = Debug|Any CPU
		{20BF4EAC-9A99-49F3-804E-8858C046BA59}.Release|Any CPU.ActiveCfg = Release|Any CPU
		{20BF4EAC-9A99-49F3-804E-8858C046BA59}.Release|Any CPU.Build.0 = Release|Any CPU
		{9456292D-1CDC-4362-9FC3-627F9F59A19F}.Debug|Any CPU.ActiveCfg = Debug|Any CPU
		{9456292D-1CDC-4362-9FC3-627F9F59A19F}.Debug|Any CPU.Build.0 = Debug|Any CPU
		{9456292D-1CDC-4362-9FC3-627F9F59A19F}.Release|Any CPU.ActiveCfg = Release|Any CPU
		{9456292D-1CDC-4362-9FC3-627F9F59A19F}.Release|Any CPU.Build.0 = Release|Any CPU
		{3E2F092E-8811-400F-A6B5-46F583E0B154}.Debug|Any CPU.ActiveCfg = Debug|Any CPU
		{3E2F092E-8811-400F-A6B5-46F583E0B154}.Debug|Any CPU.Build.0 = Debug|Any CPU
		{3E2F092E-8811-400F-A6B5-46F583E0B154}.Release|Any CPU.ActiveCfg = Release|Any CPU
		{3E2F092E-8811-400F-A6B5-46F583E0B154}.Release|Any CPU.Build.0 = Release|Any CPU
		{F7B769F4-6CC8-4D33-8058-A8969A1D3028}.Debug|Any CPU.ActiveCfg = Debug|Any CPU
		{F7B769F4-6CC8-4D33-8058-A8969A1D3028}.Debug|Any CPU.Build.0 = Debug|Any CPU
		{F7B769F4-6CC8-4D33-8058-A8969A1D3028}.Release|Any CPU.ActiveCfg = Release|Any CPU
		{F7B769F4-6CC8-4D33-8058-A8969A1D3028}.Release|Any CPU.Build.0 = Release|Any CPU
		{78E18D62-496D-4A7E-B444-360F516AD5FE}.Debug|Any CPU.ActiveCfg = Debug|Any CPU
		{78E18D62-496D-4A7E-B444-360F516AD5FE}.Debug|Any CPU.Build.0 = Debug|Any CPU
		{78E18D62-496D-4A7E-B444-360F516AD5FE}.Release|Any CPU.ActiveCfg = Release|Any CPU
		{78E18D62-496D-4A7E-B444-360F516AD5FE}.Release|Any CPU.Build.0 = Release|Any CPU
		{FA26675F-1AB8-422B-9FE2-2621F06A9A57}.Debug|Any CPU.ActiveCfg = Debug|Any CPU
		{FA26675F-1AB8-422B-9FE2-2621F06A9A57}.Debug|Any CPU.Build.0 = Debug|Any CPU
		{FA26675F-1AB8-422B-9FE2-2621F06A9A57}.Release|Any CPU.ActiveCfg = Release|Any CPU
		{FA26675F-1AB8-422B-9FE2-2621F06A9A57}.Release|Any CPU.Build.0 = Release|Any CPU
		{D7A10DF7-765E-41D9-8C36-B2D5730180AF}.Debug|Any CPU.ActiveCfg = Debug|Any CPU
		{D7A10DF7-765E-41D9-8C36-B2D5730180AF}.Debug|Any CPU.Build.0 = Debug|Any CPU
		{D7A10DF7-765E-41D9-8C36-B2D5730180AF}.Release|Any CPU.ActiveCfg = Release|Any CPU
		{D7A10DF7-765E-41D9-8C36-B2D5730180AF}.Release|Any CPU.Build.0 = Release|Any CPU
		{42273807-CC48-41A8-8038-8DA5098AB4EB}.Debug|Any CPU.ActiveCfg = Debug|Any CPU
		{42273807-CC48-41A8-8038-8DA5098AB4EB}.Debug|Any CPU.Build.0 = Debug|Any CPU
		{42273807-CC48-41A8-8038-8DA5098AB4EB}.Release|Any CPU.ActiveCfg = Release|Any CPU
		{42273807-CC48-41A8-8038-8DA5098AB4EB}.Release|Any CPU.Build.0 = Release|Any CPU
		{EBC637BF-2DE7-4E05-A92F-9D8160258763}.Debug|Any CPU.ActiveCfg = Debug|Any CPU
		{EBC637BF-2DE7-4E05-A92F-9D8160258763}.Debug|Any CPU.Build.0 = Debug|Any CPU
		{EBC637BF-2DE7-4E05-A92F-9D8160258763}.Release|Any CPU.ActiveCfg = Release|Any CPU
		{EBC637BF-2DE7-4E05-A92F-9D8160258763}.Release|Any CPU.Build.0 = Release|Any CPU
		{790CEF73-2250-4266-A943-DD862B7859A0}.Debug|Any CPU.ActiveCfg = Debug|Any CPU
		{790CEF73-2250-4266-A943-DD862B7859A0}.Debug|Any CPU.Build.0 = Debug|Any CPU
		{790CEF73-2250-4266-A943-DD862B7859A0}.Release|Any CPU.ActiveCfg = Release|Any CPU
		{790CEF73-2250-4266-A943-DD862B7859A0}.Release|Any CPU.Build.0 = Release|Any CPU
		{AC28393D-9794-449E-88FE-E031690DD535}.Debug|Any CPU.ActiveCfg = Debug|Any CPU
		{AC28393D-9794-449E-88FE-E031690DD535}.Debug|Any CPU.Build.0 = Debug|Any CPU
		{AC28393D-9794-449E-88FE-E031690DD535}.Release|Any CPU.ActiveCfg = Release|Any CPU
		{AC28393D-9794-449E-88FE-E031690DD535}.Release|Any CPU.Build.0 = Release|Any CPU
		{4C8AF662-6EC1-4239-883A-501C0022F925}.Debug|Any CPU.ActiveCfg = Debug|Any CPU
		{4C8AF662-6EC1-4239-883A-501C0022F925}.Debug|Any CPU.Build.0 = Debug|Any CPU
		{4C8AF662-6EC1-4239-883A-501C0022F925}.Release|Any CPU.ActiveCfg = Release|Any CPU
		{4C8AF662-6EC1-4239-883A-501C0022F925}.Release|Any CPU.Build.0 = Release|Any CPU
		{1BC6F15D-2372-4919-9069-C907934391D4}.Debug|Any CPU.ActiveCfg = Debug|Any CPU
		{1BC6F15D-2372-4919-9069-C907934391D4}.Debug|Any CPU.Build.0 = Debug|Any CPU
		{1BC6F15D-2372-4919-9069-C907934391D4}.Release|Any CPU.ActiveCfg = Release|Any CPU
		{1BC6F15D-2372-4919-9069-C907934391D4}.Release|Any CPU.Build.0 = Release|Any CPU
		{34A5CF9A-37BD-4B48-A5AA-4F6E77B624A1}.Debug|Any CPU.ActiveCfg = Debug|Any CPU
		{34A5CF9A-37BD-4B48-A5AA-4F6E77B624A1}.Debug|Any CPU.Build.0 = Debug|Any CPU
		{34A5CF9A-37BD-4B48-A5AA-4F6E77B624A1}.Release|Any CPU.ActiveCfg = Release|Any CPU
		{34A5CF9A-37BD-4B48-A5AA-4F6E77B624A1}.Release|Any CPU.Build.0 = Release|Any CPU
		{7261B046-6771-437C-ADDC-104E83BEC53D}.Debug|Any CPU.ActiveCfg = Debug|Any CPU
		{7261B046-6771-437C-ADDC-104E83BEC53D}.Debug|Any CPU.Build.0 = Debug|Any CPU
		{7261B046-6771-437C-ADDC-104E83BEC53D}.Release|Any CPU.ActiveCfg = Release|Any CPU
		{7261B046-6771-437C-ADDC-104E83BEC53D}.Release|Any CPU.Build.0 = Release|Any CPU
		{72F10F0A-9DFC-473C-999B-DEAC45DC9294}.Debug|Any CPU.ActiveCfg = Debug|Any CPU
		{72F10F0A-9DFC-473C-999B-DEAC45DC9294}.Debug|Any CPU.Build.0 = Debug|Any CPU
		{72F10F0A-9DFC-473C-999B-DEAC45DC9294}.Release|Any CPU.ActiveCfg = Release|Any CPU
		{72F10F0A-9DFC-473C-999B-DEAC45DC9294}.Release|Any CPU.Build.0 = Release|Any CPU
		{48D23FF2-908C-438F-BDE4-F5883D4EE40E}.Debug|Any CPU.ActiveCfg = Debug|Any CPU
		{48D23FF2-908C-438F-BDE4-F5883D4EE40E}.Debug|Any CPU.Build.0 = Debug|Any CPU
		{48D23FF2-908C-438F-BDE4-F5883D4EE40E}.Release|Any CPU.ActiveCfg = Release|Any CPU
		{48D23FF2-908C-438F-BDE4-F5883D4EE40E}.Release|Any CPU.Build.0 = Release|Any CPU
		{D399BC6C-1D01-4EFA-8D2D-44504D47585C}.Debug|Any CPU.ActiveCfg = Debug|Any CPU
		{D399BC6C-1D01-4EFA-8D2D-44504D47585C}.Debug|Any CPU.Build.0 = Debug|Any CPU
		{D399BC6C-1D01-4EFA-8D2D-44504D47585C}.Release|Any CPU.ActiveCfg = Release|Any CPU
		{D399BC6C-1D01-4EFA-8D2D-44504D47585C}.Release|Any CPU.Build.0 = Release|Any CPU
		{15D00958-2219-4756-8791-A6B79BC749CD}.Debug|Any CPU.ActiveCfg = Debug|Any CPU
		{15D00958-2219-4756-8791-A6B79BC749CD}.Debug|Any CPU.Build.0 = Debug|Any CPU
		{15D00958-2219-4756-8791-A6B79BC749CD}.Release|Any CPU.ActiveCfg = Release|Any CPU
		{15D00958-2219-4756-8791-A6B79BC749CD}.Release|Any CPU.Build.0 = Release|Any CPU
		{7EBFC46E-3888-469F-AE3B-88F604A2E8FA}.Debug|Any CPU.ActiveCfg = Debug|Any CPU
		{7EBFC46E-3888-469F-AE3B-88F604A2E8FA}.Debug|Any CPU.Build.0 = Debug|Any CPU
		{7EBFC46E-3888-469F-AE3B-88F604A2E8FA}.Release|Any CPU.ActiveCfg = Release|Any CPU
		{7EBFC46E-3888-469F-AE3B-88F604A2E8FA}.Release|Any CPU.Build.0 = Release|Any CPU
		{E63720C8-5FDF-47CC-A8E0-8148134342DD}.Debug|Any CPU.ActiveCfg = Debug|Any CPU
		{E63720C8-5FDF-47CC-A8E0-8148134342DD}.Debug|Any CPU.Build.0 = Debug|Any CPU
		{E63720C8-5FDF-47CC-A8E0-8148134342DD}.Release|Any CPU.ActiveCfg = Release|Any CPU
		{E63720C8-5FDF-47CC-A8E0-8148134342DD}.Release|Any CPU.Build.0 = Release|Any CPU
		{5861CABB-97A8-40CD-8053-76ACC300FD67}.Debug|Any CPU.ActiveCfg = Debug|Any CPU
		{5861CABB-97A8-40CD-8053-76ACC300FD67}.Debug|Any CPU.Build.0 = Debug|Any CPU
		{5861CABB-97A8-40CD-8053-76ACC300FD67}.Release|Any CPU.ActiveCfg = Release|Any CPU
		{5861CABB-97A8-40CD-8053-76ACC300FD67}.Release|Any CPU.Build.0 = Release|Any CPU
		{6937D0D0-6457-4B8D-AC83-6D9F3FE968FD}.Debug|Any CPU.ActiveCfg = Debug|Any CPU
		{6937D0D0-6457-4B8D-AC83-6D9F3FE968FD}.Debug|Any CPU.Build.0 = Debug|Any CPU
		{6937D0D0-6457-4B8D-AC83-6D9F3FE968FD}.Release|Any CPU.ActiveCfg = Release|Any CPU
		{6937D0D0-6457-4B8D-AC83-6D9F3FE968FD}.Release|Any CPU.Build.0 = Release|Any CPU
		{E7468645-5E7D-4041-9BBA-8DB0992E3F97}.Debug|Any CPU.ActiveCfg = Debug|Any CPU
		{E7468645-5E7D-4041-9BBA-8DB0992E3F97}.Debug|Any CPU.Build.0 = Debug|Any CPU
		{E7468645-5E7D-4041-9BBA-8DB0992E3F97}.Release|Any CPU.ActiveCfg = Release|Any CPU
		{E7468645-5E7D-4041-9BBA-8DB0992E3F97}.Release|Any CPU.Build.0 = Release|Any CPU
		{FD62DE40-B4FA-4A91-8B2E-020708663B81}.Debug|Any CPU.ActiveCfg = Debug|Any CPU
		{FD62DE40-B4FA-4A91-8B2E-020708663B81}.Debug|Any CPU.Build.0 = Debug|Any CPU
		{FD62DE40-B4FA-4A91-8B2E-020708663B81}.Release|Any CPU.ActiveCfg = Release|Any CPU
		{FD62DE40-B4FA-4A91-8B2E-020708663B81}.Release|Any CPU.Build.0 = Release|Any CPU
		{5FD1950A-245E-410E-A662-56A716C76C1A}.Debug|Any CPU.ActiveCfg = Debug|Any CPU
		{5FD1950A-245E-410E-A662-56A716C76C1A}.Debug|Any CPU.Build.0 = Debug|Any CPU
		{5FD1950A-245E-410E-A662-56A716C76C1A}.Release|Any CPU.ActiveCfg = Release|Any CPU
		{5FD1950A-245E-410E-A662-56A716C76C1A}.Release|Any CPU.Build.0 = Release|Any CPU
		{13E81B88-E09B-49AE-A217-9B6F05EADB8A}.Debug|Any CPU.ActiveCfg = Debug|Any CPU
		{13E81B88-E09B-49AE-A217-9B6F05EADB8A}.Debug|Any CPU.Build.0 = Debug|Any CPU
		{13E81B88-E09B-49AE-A217-9B6F05EADB8A}.Release|Any CPU.ActiveCfg = Release|Any CPU
		{13E81B88-E09B-49AE-A217-9B6F05EADB8A}.Release|Any CPU.Build.0 = Release|Any CPU
		{7967C5A8-27C9-4C06-9076-5A7F81EED068}.Debug|Any CPU.ActiveCfg = Debug|Any CPU
		{7967C5A8-27C9-4C06-9076-5A7F81EED068}.Debug|Any CPU.Build.0 = Debug|Any CPU
		{7967C5A8-27C9-4C06-9076-5A7F81EED068}.Release|Any CPU.ActiveCfg = Release|Any CPU
		{7967C5A8-27C9-4C06-9076-5A7F81EED068}.Release|Any CPU.Build.0 = Release|Any CPU
		{353F2648-9FF2-4546-BA08-0265C2C51FFD}.Debug|Any CPU.ActiveCfg = Debug|Any CPU
		{353F2648-9FF2-4546-BA08-0265C2C51FFD}.Debug|Any CPU.Build.0 = Debug|Any CPU
		{353F2648-9FF2-4546-BA08-0265C2C51FFD}.Release|Any CPU.ActiveCfg = Release|Any CPU
		{353F2648-9FF2-4546-BA08-0265C2C51FFD}.Release|Any CPU.Build.0 = Release|Any CPU
		{16013B47-AA8D-48A9-A68D-7A2B0CA5737B}.Debug|Any CPU.ActiveCfg = Debug|Any CPU
		{16013B47-AA8D-48A9-A68D-7A2B0CA5737B}.Debug|Any CPU.Build.0 = Debug|Any CPU
		{16013B47-AA8D-48A9-A68D-7A2B0CA5737B}.Release|Any CPU.ActiveCfg = Release|Any CPU
		{16013B47-AA8D-48A9-A68D-7A2B0CA5737B}.Release|Any CPU.Build.0 = Release|Any CPU
		{69D24243-1E15-4579-93F1-E19868E75BC0}.Debug|Any CPU.ActiveCfg = Debug|Any CPU
		{69D24243-1E15-4579-93F1-E19868E75BC0}.Debug|Any CPU.Build.0 = Debug|Any CPU
		{69D24243-1E15-4579-93F1-E19868E75BC0}.Release|Any CPU.ActiveCfg = Release|Any CPU
		{69D24243-1E15-4579-93F1-E19868E75BC0}.Release|Any CPU.Build.0 = Release|Any CPU
		{ADAAAB63-5822-44BD-A5C6-8325DB8B0AB4}.Debug|Any CPU.ActiveCfg = Debug|Any CPU
		{ADAAAB63-5822-44BD-A5C6-8325DB8B0AB4}.Debug|Any CPU.Build.0 = Debug|Any CPU
		{ADAAAB63-5822-44BD-A5C6-8325DB8B0AB4}.Release|Any CPU.ActiveCfg = Release|Any CPU
		{ADAAAB63-5822-44BD-A5C6-8325DB8B0AB4}.Release|Any CPU.Build.0 = Release|Any CPU
		{292738DA-7027-40DB-B7E5-729A0CF1073D}.Debug|Any CPU.ActiveCfg = Debug|Any CPU
		{292738DA-7027-40DB-B7E5-729A0CF1073D}.Debug|Any CPU.Build.0 = Debug|Any CPU
		{292738DA-7027-40DB-B7E5-729A0CF1073D}.Release|Any CPU.ActiveCfg = Release|Any CPU
		{292738DA-7027-40DB-B7E5-729A0CF1073D}.Release|Any CPU.Build.0 = Release|Any CPU
		{A9400572-5DB3-4D20-BD43-CC695F6D0D67}.Debug|Any CPU.ActiveCfg = Debug|Any CPU
		{A9400572-5DB3-4D20-BD43-CC695F6D0D67}.Debug|Any CPU.Build.0 = Debug|Any CPU
		{A9400572-5DB3-4D20-BD43-CC695F6D0D67}.Release|Any CPU.ActiveCfg = Release|Any CPU
		{A9400572-5DB3-4D20-BD43-CC695F6D0D67}.Release|Any CPU.Build.0 = Release|Any CPU
		{80C213F7-C30D-4EB5-8524-10B60878342B}.Debug|Any CPU.ActiveCfg = Debug|Any CPU
		{80C213F7-C30D-4EB5-8524-10B60878342B}.Debug|Any CPU.Build.0 = Debug|Any CPU
		{80C213F7-C30D-4EB5-8524-10B60878342B}.Release|Any CPU.ActiveCfg = Release|Any CPU
		{80C213F7-C30D-4EB5-8524-10B60878342B}.Release|Any CPU.Build.0 = Release|Any CPU
		{2A700BFB-50E2-44B3-871F-D89C9C7D27EB}.Debug|Any CPU.ActiveCfg = Debug|Any CPU
		{2A700BFB-50E2-44B3-871F-D89C9C7D27EB}.Debug|Any CPU.Build.0 = Debug|Any CPU
		{2A700BFB-50E2-44B3-871F-D89C9C7D27EB}.Release|Any CPU.ActiveCfg = Release|Any CPU
		{2A700BFB-50E2-44B3-871F-D89C9C7D27EB}.Release|Any CPU.Build.0 = Release|Any CPU
		{B2CA6BB7-E59F-4BE6-A0C6-D3AF408BFB89}.Debug|Any CPU.ActiveCfg = Debug|Any CPU
		{B2CA6BB7-E59F-4BE6-A0C6-D3AF408BFB89}.Debug|Any CPU.Build.0 = Debug|Any CPU
		{B2CA6BB7-E59F-4BE6-A0C6-D3AF408BFB89}.Release|Any CPU.ActiveCfg = Release|Any CPU
		{B2CA6BB7-E59F-4BE6-A0C6-D3AF408BFB89}.Release|Any CPU.Build.0 = Release|Any CPU
		{2A1464E6-2D87-42D6-9799-25EB16C7FE4D}.Debug|Any CPU.ActiveCfg = Debug|Any CPU
		{2A1464E6-2D87-42D6-9799-25EB16C7FE4D}.Debug|Any CPU.Build.0 = Debug|Any CPU
		{2A1464E6-2D87-42D6-9799-25EB16C7FE4D}.Release|Any CPU.ActiveCfg = Release|Any CPU
		{2A1464E6-2D87-42D6-9799-25EB16C7FE4D}.Release|Any CPU.Build.0 = Release|Any CPU
	EndGlobalSection
	GlobalSection(SolutionProperties) = preSolution
		HideSolutionNode = FALSE
	EndGlobalSection
EndGlobal
